{
  "object": {
    "pins": [
      {
        "package": "Builder",
        "repositoryURL": "https://github.com/tarunon/Builder",
        "state": {
          "branch": "main",
          "revision": "eee2e61d1a58f0f1005ebff2405aba0d084c43a9",
          "version": null
        }
      },
      {
        "package": "swift-numerics",
        "repositoryURL": "https://github.com/apple/swift-numerics",
        "state": {
          "branch": null,
          "revision": "0a23770641f65a4de61daf5425a37ae32a3fd00d",
          "version": "1.0.1"
        }
      }
    ]
  },
  "version": 1
}
