{
  "object": {
    "pins": [
      {
        "package": "swift-argument-parser",
        "repositoryURL": "https://github.com/apple/swift-argument-parser.git",
        "state": {
          "branch": null,
          "revision": "83b23d940471b313427da226196661856f6ba3e0",
          "version": "0.4.4"
        }
      },
      {
        "package": "swift-format",
        "repositoryURL": "https://github.com/apple/swift-format",
        "state": {
          "branch": "swift-5.5-branch",
          "revision": "aaed43cdaa3c12d3382f069ddcad09f052839e2a",
          "version": null
        }
      },
      {
        "package": "SwiftSyntax",
        "repositoryURL": "https://github.com/apple/swift-syntax",
        "state": {
          "branch": null,
          "revision": "593d01f4017cf8b71ec28689629f7b9a6739df0b",
          "version": null
        }
      }
    ]
  },
  "version": 1
}
