{
  "object": {
    "pins": [
      {
        "package": "Builder",
        "repositoryURL": "https://github.com/tarunon/Builder",
        "state": {
          "branch": "main",
          "revision": "72a858c0d227ca50ce6c89ccfa22818343a5455a",
          "version": null
        }
      },
      {
        "package": "swift-numerics",
        "repositoryURL": "https://github.com/apple/swift-numerics",
        "state": {
          "branch": null,
          "revision": "0a23770641f65a4de61daf5425a37ae32a3fd00d",
          "version": "1.0.1"
        }
      },
      {
        "package": "SnapshotTesting",
        "repositoryURL": "https://github.com/pointfreeco/swift-snapshot-testing",
        "state": {
          "branch": null,
          "revision": "f8a9c997c3c1dab4e216a8ec9014e23144cbab37",
          "version": "1.9.0"
        }
      }
    ]
  },
  "version": 1
}
